
Microsoft Visual Studio Solution File, Format Version 12.00
# Visual Studio Version 17
VisualStudioVersion = 17.7.34009.444
MinimumVisualStudioVersion = 10.0.40219.1
Project("{FAE04EC0-301F-11D3-BF4B-00C04F79EFBC}") = "Lab4.3", "Lab4.3\Lab4.3.csproj", "{D7B6EA4B-C906-4D5C-B53B-F9B341B8577A}"
EndProject
Global
	GlobalSection(SolutionConfigurationPlatforms) = preSolution
		Debug|Any CPU = Debug|Any CPU
		Release|Any CPU = Release|Any CPU
	EndGlobalSection
	GlobalSection(ProjectConfigurationPlatforms) = postSolution
		{D7B6EA4B-C906-4D5C-B53B-F9B341B8577A}.Debug|Any CPU.ActiveCfg = Debug|Any CPU
		{D7B6EA4B-C906-4D5C-B53B-F9B341B8577A}.Debug|Any CPU.Build.0 = Debug|Any CPU
		{D7B6EA4B-C906-4D5C-B53B-F9B341B8577A}.Release|Any CPU.ActiveCfg = Release|Any CPU
		{D7B6EA4B-C906-4D5C-B53B-F9B341B8577A}.Release|Any CPU.Build.0 = Release|Any CPU
	EndGlobalSection
	GlobalSection(SolutionProperties) = preSolution
		HideSolutionNode = FALSE
	EndGlobalSection
	GlobalSection(ExtensibilityGlobals) = postSolution
		SolutionGuid = {C3F005BD-06EA-4B7C-B84D-2663DCAB0EC5}
	EndGlobalSection
EndGlobal
