
Microsoft Visual Studio Solution File, Format Version 12.00
# Visual Studio Version 17
VisualStudioVersion = 17.7.34009.444
MinimumVisualStudioVersion = 10.0.40219.1
Project("{FAE04EC0-301F-11D3-BF4B-00C04F79EFBC}") = "Lambdas", "Lambdas\Lambdas.csproj", "{28A7D4FA-9BEB-4347-8394-12FF39B0DBF9}"
EndProject
Global
	GlobalSection(SolutionConfigurationPlatforms) = preSolution
		Debug|Any CPU = Debug|Any CPU
		Release|Any CPU = Release|Any CPU
	EndGlobalSection
	GlobalSection(ProjectConfigurationPlatforms) = postSolution
		{28A7D4FA-9BEB-4347-8394-12FF39B0DBF9}.Debug|Any CPU.ActiveCfg = Debug|Any CPU
		{28A7D4FA-9BEB-4347-8394-12FF39B0DBF9}.Debug|Any CPU.Build.0 = Debug|Any CPU
		{28A7D4FA-9BEB-4347-8394-12FF39B0DBF9}.Release|Any CPU.ActiveCfg = Release|Any CPU
		{28A7D4FA-9BEB-4347-8394-12FF39B0DBF9}.Release|Any CPU.Build.0 = Release|Any CPU
	EndGlobalSection
	GlobalSection(SolutionProperties) = preSolution
		HideSolutionNode = FALSE
	EndGlobalSection
	GlobalSection(ExtensibilityGlobals) = postSolution
		SolutionGuid = {F83367E7-C6A3-4767-872D-533731756797}
	EndGlobalSection
EndGlobal
