
Microsoft Visual Studio Solution File, Format Version 12.00
# Visual Studio Version 17
VisualStudioVersion = 17.7.34009.444
MinimumVisualStudioVersion = 10.0.40219.1
Project("{FAE04EC0-301F-11D3-BF4B-00C04F79EFBC}") = "Delegate3", "Delegate3\Delegate3.csproj", "{728E5E80-08A4-45EA-A3C6-6CCFCAAC5E94}"
EndProject
Global
	GlobalSection(SolutionConfigurationPlatforms) = preSolution
		Debug|Any CPU = Debug|Any CPU
		Release|Any CPU = Release|Any CPU
	EndGlobalSection
	GlobalSection(ProjectConfigurationPlatforms) = postSolution
		{728E5E80-08A4-45EA-A3C6-6CCFCAAC5E94}.Debug|Any CPU.ActiveCfg = Debug|Any CPU
		{728E5E80-08A4-45EA-A3C6-6CCFCAAC5E94}.Debug|Any CPU.Build.0 = Debug|Any CPU
		{728E5E80-08A4-45EA-A3C6-6CCFCAAC5E94}.Release|Any CPU.ActiveCfg = Release|Any CPU
		{728E5E80-08A4-45EA-A3C6-6CCFCAAC5E94}.Release|Any CPU.Build.0 = Release|Any CPU
	EndGlobalSection
	GlobalSection(SolutionProperties) = preSolution
		HideSolutionNode = FALSE
	EndGlobalSection
	GlobalSection(ExtensibilityGlobals) = postSolution
		SolutionGuid = {22AEA6D8-37B8-4411-AF57-3CE2A7D9E118}
	EndGlobalSection
EndGlobal
