
Microsoft Visual Studio Solution File, Format Version 12.00
# Visual Studio Version 17
VisualStudioVersion = 17.7.34009.444
MinimumVisualStudioVersion = 10.0.40219.1
Project("{FAE04EC0-301F-11D3-BF4B-00C04F79EFBC}") = "Delegate2", "Delegate2\Delegate2.csproj", "{BF2A0610-58FE-48D6-9B5F-023A86CB97CF}"
EndProject
Global
	GlobalSection(SolutionConfigurationPlatforms) = preSolution
		Debug|Any CPU = Debug|Any CPU
		Release|Any CPU = Release|Any CPU
	EndGlobalSection
	GlobalSection(ProjectConfigurationPlatforms) = postSolution
		{BF2A0610-58FE-48D6-9B5F-023A86CB97CF}.Debug|Any CPU.ActiveCfg = Debug|Any CPU
		{BF2A0610-58FE-48D6-9B5F-023A86CB97CF}.Debug|Any CPU.Build.0 = Debug|Any CPU
		{BF2A0610-58FE-48D6-9B5F-023A86CB97CF}.Release|Any CPU.ActiveCfg = Release|Any CPU
		{BF2A0610-58FE-48D6-9B5F-023A86CB97CF}.Release|Any CPU.Build.0 = Release|Any CPU
	EndGlobalSection
	GlobalSection(SolutionProperties) = preSolution
		HideSolutionNode = FALSE
	EndGlobalSection
	GlobalSection(ExtensibilityGlobals) = postSolution
		SolutionGuid = {41DCCD58-7309-4B13-A5A0-D6D224061E7F}
	EndGlobalSection
EndGlobal
